
Microsoft Visual Studio Solution File, Format Version 12.00
# Visual Studio Version 17
VisualStudioVersion = 17.6.33815.320
MinimumVisualStudioVersion = 10.0.40219.1
Project("{FAE04EC0-301F-11D3-BF4B-00C04F79EFBC}") = "CGO_Cannang", "CGO_Cannang\CGO_Cannang.csproj", "{8F10DA91-9FE1-47BC-B9DA-5C0B645EEB96}"
EndProject
Global
	GlobalSection(SolutionConfigurationPlatforms) = preSolution
		Debug|Any CPU = Debug|Any CPU
		Release|Any CPU = Release|Any CPU
	EndGlobalSection
	GlobalSection(ProjectConfigurationPlatforms) = postSolution
		{8F10DA91-9FE1-47BC-B9DA-5C0B645EEB96}.Debug|Any CPU.ActiveCfg = Debug|Any CPU
		{8F10DA91-9FE1-47BC-B9DA-5C0B645EEB96}.Debug|Any CPU.Build.0 = Debug|Any CPU
		{8F10DA91-9FE1-47BC-B9DA-5C0B645EEB96}.Release|Any CPU.ActiveCfg = Release|Any CPU
		{8F10DA91-9FE1-47BC-B9DA-5C0B645EEB96}.Release|Any CPU.Build.0 = Release|Any CPU
	EndGlobalSection
	GlobalSection(SolutionProperties) = preSolution
		HideSolutionNode = FALSE
	EndGlobalSection
	GlobalSection(ExtensibilityGlobals) = postSolution
		SolutionGuid = {12B9FDAC-78A3-45B4-B010-2C666800FA26}
	EndGlobalSection
EndGlobal
